
Microsoft Visual Studio Solution File, Format Version 12.00
# Visual Studio 15
VisualStudioVersion = 15.0.26228.9
MinimumVisualStudioVersion = 10.0.40219.1
Project("{FAE04EC0-301F-11D3-BF4B-00C04F79EFBC}") = "TumseNaHoPayga.Android", "TumseNaHoPayga\TumseNaHoPayga.Android\TumseNaHoPayga.Android.csproj", "{C8DBEE43-0C65-4DE5-A81A-A62FBB9E792A}"
EndProject
Project("{FAE04EC0-301F-11D3-BF4B-00C04F79EFBC}") = "TumseNaHoPayga", "TumseNaHoPayga\TumseNaHoPayga\TumseNaHoPayga.csproj", "{E7787497-0F9D-4CDA-B40B-EF7AD8C67A80}"
EndProject
Project("{FAE04EC0-301F-11D3-BF4B-00C04F79EFBC}") = "TumseNaHoPayga.UWP", "TumseNaHoPayga\TumseNaHoPayga.UWP\TumseNaHoPayga.UWP.csproj", "{82225040-4EC6-48AE-98BC-8678C07E89F2}"
EndProject
Project("{FAE04EC0-301F-11D3-BF4B-00C04F79EFBC}") = "TumseNaHoPayga.iOS", "TumseNaHoPayga\TumseNaHoPayga.iOS\TumseNaHoPayga.iOS.csproj", "{9A37F91C-3FB7-4419-9F74-DC99A3A426EE}"
EndProject
Global
	GlobalSection(SolutionConfigurationPlatforms) = preSolution
		Ad-Hoc|Any CPU = Ad-Hoc|Any CPU
		Ad-Hoc|ARM = Ad-Hoc|ARM
		Ad-Hoc|iPhone = Ad-Hoc|iPhone
		Ad-Hoc|iPhoneSimulator = Ad-Hoc|iPhoneSimulator
		Ad-Hoc|x64 = Ad-Hoc|x64
		Ad-Hoc|x86 = Ad-Hoc|x86
		AppStore|Any CPU = AppStore|Any CPU
		AppStore|ARM = AppStore|ARM
		AppStore|iPhone = AppStore|iPhone
		AppStore|iPhoneSimulator = AppStore|iPhoneSimulator
		AppStore|x64 = AppStore|x64
		AppStore|x86 = AppStore|x86
		Debug|Any CPU = Debug|Any CPU
		Debug|ARM = Debug|ARM
		Debug|iPhone = Debug|iPhone
		Debug|iPhoneSimulator = Debug|iPhoneSimulator
		Debug|x64 = Debug|x64
		Debug|x86 = Debug|x86
		Release|Any CPU = Release|Any CPU
		Release|ARM = Release|ARM
		Release|iPhone = Release|iPhone
		Release|iPhoneSimulator = Release|iPhoneSimulator
		Release|x64 = Release|x64
		Release|x86 = Release|x86
	EndGlobalSection
	GlobalSection(ProjectConfigurationPlatforms) = postSolution
		{C8DBEE43-0C65-4DE5-A81A-A62FBB9E792A}.Ad-Hoc|Any CPU.ActiveCfg = Release|Any CPU
		{C8DBEE43-0C65-4DE5-A81A-A62FBB9E792A}.Ad-Hoc|Any CPU.Build.0 = Release|Any CPU
		{C8DBEE43-0C65-4DE5-A81A-A62FBB9E792A}.Ad-Hoc|Any CPU.Deploy.0 = Release|Any CPU
		{C8DBEE43-0C65-4DE5-A81A-A62FBB9E792A}.Ad-Hoc|ARM.ActiveCfg = Release|Any CPU
		{C8DBEE43-0C65-4DE5-A81A-A62FBB9E792A}.Ad-Hoc|ARM.Build.0 = Release|Any CPU
		{C8DBEE43-0C65-4DE5-A81A-A62FBB9E792A}.Ad-Hoc|ARM.Deploy.0 = Release|Any CPU
		{C8DBEE43-0C65-4DE5-A81A-A62FBB9E792A}.Ad-Hoc|iPhone.ActiveCfg = Release|Any CPU
		{C8DBEE43-0C65-4DE5-A81A-A62FBB9E792A}.Ad-Hoc|iPhone.Build.0 = Release|Any CPU
		{C8DBEE43-0C65-4DE5-A81A-A62FBB9E792A}.Ad-Hoc|iPhone.Deploy.0 = Release|Any CPU
		{C8DBEE43-0C65-4DE5-A81A-A62FBB9E792A}.Ad-Hoc|iPhoneSimulator.ActiveCfg = Release|Any CPU
		{C8DBEE43-0C65-4DE5-A81A-A62FBB9E792A}.Ad-Hoc|iPhoneSimulator.Build.0 = Release|Any CPU
		{C8DBEE43-0C65-4DE5-A81A-A62FBB9E792A}.Ad-Hoc|iPhoneSimulator.Deploy.0 = Release|Any CPU
		{C8DBEE43-0C65-4DE5-A81A-A62FBB9E792A}.Ad-Hoc|x64.ActiveCfg = Release|Any CPU
		{C8DBEE43-0C65-4DE5-A81A-A62FBB9E792A}.Ad-Hoc|x64.Build.0 = Release|Any CPU
		{C8DBEE43-0C65-4DE5-A81A-A62FBB9E792A}.Ad-Hoc|x64.Deploy.0 = Release|Any CPU
		{C8DBEE43-0C65-4DE5-A81A-A62FBB9E792A}.Ad-Hoc|x86.ActiveCfg = Release|Any CPU
		{C8DBEE43-0C65-4DE5-A81A-A62FBB9E792A}.Ad-Hoc|x86.Build.0 = Release|Any CPU
		{C8DBEE43-0C65-4DE5-A81A-A62FBB9E792A}.Ad-Hoc|x86.Deploy.0 = Release|Any CPU
		{C8DBEE43-0C65-4DE5-A81A-A62FBB9E792A}.AppStore|Any CPU.ActiveCfg = Release|Any CPU
		{C8DBEE43-0C65-4DE5-A81A-A62FBB9E792A}.AppStore|Any CPU.Build.0 = Release|Any CPU
		{C8DBEE43-0C65-4DE5-A81A-A62FBB9E792A}.AppStore|Any CPU.Deploy.0 = Release|Any CPU
		{C8DBEE43-0C65-4DE5-A81A-A62FBB9E792A}.AppStore|ARM.ActiveCfg = Release|Any CPU
		{C8DBEE43-0C65-4DE5-A81A-A62FBB9E792A}.AppStore|ARM.Build.0 = Release|Any CPU
		{C8DBEE43-0C65-4DE5-A81A-A62FBB9E792A}.AppStore|ARM.Deploy.0 = Release|Any CPU
		{C8DBEE43-0C65-4DE5-A81A-A62FBB9E792A}.AppStore|iPhone.ActiveCfg = Release|Any CPU
		{C8DBEE43-0C65-4DE5-A81A-A62FBB9E792A}.AppStore|iPhone.Build.0 = Release|Any CPU
		{C8DBEE43-0C65-4DE5-A81A-A62FBB9E792A}.AppStore|iPhone.Deploy.0 = Release|Any CPU
		{C8DBEE43-0C65-4DE5-A81A-A62FBB9E792A}.AppStore|iPhoneSimulator.ActiveCfg = Release|Any CPU
		{C8DBEE43-0C65-4DE5-A81A-A62FBB9E792A}.AppStore|iPhoneSimulator.Build.0 = Release|Any CPU
		{C8DBEE43-0C65-4DE5-A81A-A62FBB9E792A}.AppStore|iPhoneSimulator.Deploy.0 = Release|Any CPU
		{C8DBEE43-0C65-4DE5-A81A-A62FBB9E792A}.AppStore|x64.ActiveCfg = Release|Any CPU
		{C8DBEE43-0C65-4DE5-A81A-A62FBB9E792A}.AppStore|x64.Build.0 = Release|Any CPU
		{C8DBEE43-0C65-4DE5-A81A-A62FBB9E792A}.AppStore|x64.Deploy.0 = Release|Any CPU
		{C8DBEE43-0C65-4DE5-A81A-A62FBB9E792A}.AppStore|x86.ActiveCfg = Release|Any CPU
		{C8DBEE43-0C65-4DE5-A81A-A62FBB9E792A}.AppStore|x86.Build.0 = Release|Any CPU
		{C8DBEE43-0C65-4DE5-A81A-A62FBB9E792A}.AppStore|x86.Deploy.0 = Release|Any CPU
		{C8DBEE43-0C65-4DE5-A81A-A62FBB9E792A}.Debug|Any CPU.ActiveCfg = Release|Any CPU
		{C8DBEE43-0C65-4DE5-A81A-A62FBB9E792A}.Debug|Any CPU.Build.0 = Release|Any CPU
		{C8DBEE43-0C65-4DE5-A81A-A62FBB9E792A}.Debug|Any CPU.Deploy.0 = Release|Any CPU
		{C8DBEE43-0C65-4DE5-A81A-A62FBB9E792A}.Debug|ARM.ActiveCfg = Debug|Any CPU
		{C8DBEE43-0C65-4DE5-A81A-A62FBB9E792A}.Debug|ARM.Build.0 = Debug|Any CPU
		{C8DBEE43-0C65-4DE5-A81A-A62FBB9E792A}.Debug|ARM.Deploy.0 = Debug|Any CPU
		{C8DBEE43-0C65-4DE5-A81A-A62FBB9E792A}.Debug|iPhone.ActiveCfg = Debug|Any CPU
		{C8DBEE43-0C65-4DE5-A81A-A62FBB9E792A}.Debug|iPhone.Build.0 = Debug|Any CPU
		{C8DBEE43-0C65-4DE5-A81A-A62FBB9E792A}.Debug|iPhone.Deploy.0 = Debug|Any CPU
		{C8DBEE43-0C65-4DE5-A81A-A62FBB9E792A}.Debug|iPhoneSimulator.ActiveCfg = Debug|Any CPU
		{C8DBEE43-0C65-4DE5-A81A-A62FBB9E792A}.Debug|iPhoneSimulator.Build.0 = Debug|Any CPU
		{C8DBEE43-0C65-4DE5-A81A-A62FBB9E792A}.Debug|iPhoneSimulator.Deploy.0 = Debug|Any CPU
		{C8DBEE43-0C65-4DE5-A81A-A62FBB9E792A}.Debug|x64.ActiveCfg = Debug|Any CPU
		{C8DBEE43-0C65-4DE5-A81A-A62FBB9E792A}.Debug|x64.Build.0 = Debug|Any CPU
		{C8DBEE43-0C65-4DE5-A81A-A62FBB9E792A}.Debug|x64.Deploy.0 = Debug|Any CPU
		{C8DBEE43-0C65-4DE5-A81A-A62FBB9E792A}.Debug|x86.ActiveCfg = Debug|Any CPU
		{C8DBEE43-0C65-4DE5-A81A-A62FBB9E792A}.Debug|x86.Build.0 = Debug|Any CPU
		{C8DBEE43-0C65-4DE5-A81A-A62FBB9E792A}.Debug|x86.Deploy.0 = Debug|Any CPU
		{C8DBEE43-0C65-4DE5-A81A-A62FBB9E792A}.Release|Any CPU.ActiveCfg = Release|Any CPU
		{C8DBEE43-0C65-4DE5-A81A-A62FBB9E792A}.Release|Any CPU.Build.0 = Release|Any CPU
		{C8DBEE43-0C65-4DE5-A81A-A62FBB9E792A}.Release|Any CPU.Deploy.0 = Release|Any CPU
		{C8DBEE43-0C65-4DE5-A81A-A62FBB9E792A}.Release|ARM.ActiveCfg = Release|Any CPU
		{C8DBEE43-0C65-4DE5-A81A-A62FBB9E792A}.Release|ARM.Build.0 = Release|Any CPU
		{C8DBEE43-0C65-4DE5-A81A-A62FBB9E792A}.Release|ARM.Deploy.0 = Release|Any CPU
		{C8DBEE43-0C65-4DE5-A81A-A62FBB9E792A}.Release|iPhone.ActiveCfg = Release|Any CPU
		{C8DBEE43-0C65-4DE5-A81A-A62FBB9E792A}.Release|iPhone.Build.0 = Release|Any CPU
		{C8DBEE43-0C65-4DE5-A81A-A62FBB9E792A}.Release|iPhone.Deploy.0 = Release|Any CPU
		{C8DBEE43-0C65-4DE5-A81A-A62FBB9E792A}.Release|iPhoneSimulator.ActiveCfg = Release|Any CPU
		{C8DBEE43-0C65-4DE5-A81A-A62FBB9E792A}.Release|iPhoneSimulator.Build.0 = Release|Any CPU
		{C8DBEE43-0C65-4DE5-A81A-A62FBB9E792A}.Release|iPhoneSimulator.Deploy.0 = Release|Any CPU
		{C8DBEE43-0C65-4DE5-A81A-A62FBB9E792A}.Release|x64.ActiveCfg = Release|Any CPU
		{C8DBEE43-0C65-4DE5-A81A-A62FBB9E792A}.Release|x64.Build.0 = Release|Any CPU
		{C8DBEE43-0C65-4DE5-A81A-A62FBB9E792A}.Release|x64.Deploy.0 = Release|Any CPU
		{C8DBEE43-0C65-4DE5-A81A-A62FBB9E792A}.Release|x86.ActiveCfg = Release|Any CPU
		{C8DBEE43-0C65-4DE5-A81A-A62FBB9E792A}.Release|x86.Build.0 = Release|Any CPU
		{C8DBEE43-0C65-4DE5-A81A-A62FBB9E792A}.Release|x86.Deploy.0 = Release|Any CPU
		{E7787497-0F9D-4CDA-B40B-EF7AD8C67A80}.Ad-Hoc|Any CPU.ActiveCfg = Release|Any CPU
		{E7787497-0F9D-4CDA-B40B-EF7AD8C67A80}.Ad-Hoc|Any CPU.Build.0 = Release|Any CPU
		{E7787497-0F9D-4CDA-B40B-EF7AD8C67A80}.Ad-Hoc|ARM.ActiveCfg = Release|Any CPU
		{E7787497-0F9D-4CDA-B40B-EF7AD8C67A80}.Ad-Hoc|ARM.Build.0 = Release|Any CPU
		{E7787497-0F9D-4CDA-B40B-EF7AD8C67A80}.Ad-Hoc|iPhone.ActiveCfg = Release|Any CPU
		{E7787497-0F9D-4CDA-B40B-EF7AD8C67A80}.Ad-Hoc|iPhone.Build.0 = Release|Any CPU
		{E7787497-0F9D-4CDA-B40B-EF7AD8C67A80}.Ad-Hoc|iPhoneSimulator.ActiveCfg = Release|Any CPU
		{E7787497-0F9D-4CDA-B40B-EF7AD8C67A80}.Ad-Hoc|iPhoneSimulator.Build.0 = Release|Any CPU
		{E7787497-0F9D-4CDA-B40B-EF7AD8C67A80}.Ad-Hoc|x64.ActiveCfg = Release|Any CPU
		{E7787497-0F9D-4CDA-B40B-EF7AD8C67A80}.Ad-Hoc|x64.Build.0 = Release|Any CPU
		{E7787497-0F9D-4CDA-B40B-EF7AD8C67A80}.Ad-Hoc|x86.ActiveCfg = Release|Any CPU
		{E7787497-0F9D-4CDA-B40B-EF7AD8C67A80}.Ad-Hoc|x86.Build.0 = Release|Any CPU
		{E7787497-0F9D-4CDA-B40B-EF7AD8C67A80}.AppStore|Any CPU.ActiveCfg = Release|Any CPU
		{E7787497-0F9D-4CDA-B40B-EF7AD8C67A80}.AppStore|Any CPU.Build.0 = Release|Any CPU
		{E7787497-0F9D-4CDA-B40B-EF7AD8C67A80}.AppStore|ARM.ActiveCfg = Release|Any CPU
		{E7787497-0F9D-4CDA-B40B-EF7AD8C67A80}.AppStore|ARM.Build.0 = Release|Any CPU
		{E7787497-0F9D-4CDA-B40B-EF7AD8C67A80}.AppStore|iPhone.ActiveCfg = Release|Any CPU
		{E7787497-0F9D-4CDA-B40B-EF7AD8C67A80}.AppStore|iPhone.Build.0 = Release|Any CPU
		{E7787497-0F9D-4CDA-B40B-EF7AD8C67A80}.AppStore|iPhoneSimulator.ActiveCfg = Release|Any CPU
		{E7787497-0F9D-4CDA-B40B-EF7AD8C67A80}.AppStore|iPhoneSimulator.Build.0 = Release|Any CPU
		{E7787497-0F9D-4CDA-B40B-EF7AD8C67A80}.AppStore|x64.ActiveCfg = Release|Any CPU
		{E7787497-0F9D-4CDA-B40B-EF7AD8C67A80}.AppStore|x64.Build.0 = Release|Any CPU
		{E7787497-0F9D-4CDA-B40B-EF7AD8C67A80}.AppStore|x86.ActiveCfg = Release|Any CPU
		{E7787497-0F9D-4CDA-B40B-EF7AD8C67A80}.AppStore|x86.Build.0 = Release|Any CPU
		{E7787497-0F9D-4CDA-B40B-EF7AD8C67A80}.Debug|Any CPU.ActiveCfg = Release|Any CPU
		{E7787497-0F9D-4CDA-B40B-EF7AD8C67A80}.Debug|Any CPU.Build.0 = Release|Any CPU
		{E7787497-0F9D-4CDA-B40B-EF7AD8C67A80}.Debug|ARM.ActiveCfg = Debug|Any CPU
		{E7787497-0F9D-4CDA-B40B-EF7AD8C67A80}.Debug|ARM.Build.0 = Debug|Any CPU
		{E7787497-0F9D-4CDA-B40B-EF7AD8C67A80}.Debug|iPhone.ActiveCfg = Debug|Any CPU
		{E7787497-0F9D-4CDA-B40B-EF7AD8C67A80}.Debug|iPhone.Build.0 = Debug|Any CPU
		{E7787497-0F9D-4CDA-B40B-EF7AD8C67A80}.Debug|iPhoneSimulator.ActiveCfg = Debug|Any CPU
		{E7787497-0F9D-4CDA-B40B-EF7AD8C67A80}.Debug|iPhoneSimulator.Build.0 = Debug|Any CPU
		{E7787497-0F9D-4CDA-B40B-EF7AD8C67A80}.Debug|x64.ActiveCfg = Debug|Any CPU
		{E7787497-0F9D-4CDA-B40B-EF7AD8C67A80}.Debug|x64.Build.0 = Debug|Any CPU
		{E7787497-0F9D-4CDA-B40B-EF7AD8C67A80}.Debug|x86.ActiveCfg = Debug|Any CPU
		{E7787497-0F9D-4CDA-B40B-EF7AD8C67A80}.Debug|x86.Build.0 = Debug|Any CPU
		{E7787497-0F9D-4CDA-B40B-EF7AD8C67A80}.Release|Any CPU.ActiveCfg = Release|Any CPU
		{E7787497-0F9D-4CDA-B40B-EF7AD8C67A80}.Release|Any CPU.Build.0 = Release|Any CPU
		{E7787497-0F9D-4CDA-B40B-EF7AD8C67A80}.Release|ARM.ActiveCfg = Release|Any CPU
		{E7787497-0F9D-4CDA-B40B-EF7AD8C67A80}.Release|ARM.Build.0 = Release|Any CPU
		{E7787497-0F9D-4CDA-B40B-EF7AD8C67A80}.Release|iPhone.ActiveCfg = Release|Any CPU
		{E7787497-0F9D-4CDA-B40B-EF7AD8C67A80}.Release|iPhone.Build.0 = Release|Any CPU
		{E7787497-0F9D-4CDA-B40B-EF7AD8C67A80}.Release|iPhoneSimulator.ActiveCfg = Release|Any CPU
		{E7787497-0F9D-4CDA-B40B-EF7AD8C67A80}.Release|iPhoneSimulator.Build.0 = Release|Any CPU
		{E7787497-0F9D-4CDA-B40B-EF7AD8C67A80}.Release|x64.ActiveCfg = Release|Any CPU
		{E7787497-0F9D-4CDA-B40B-EF7AD8C67A80}.Release|x64.Build.0 = Release|Any CPU
		{E7787497-0F9D-4CDA-B40B-EF7AD8C67A80}.Release|x86.ActiveCfg = Release|Any CPU
		{E7787497-0F9D-4CDA-B40B-EF7AD8C67A80}.Release|x86.Build.0 = Release|Any CPU
		{82225040-4EC6-48AE-98BC-8678C07E89F2}.Ad-Hoc|Any CPU.ActiveCfg = Release|x86
		{82225040-4EC6-48AE-98BC-8678C07E89F2}.Ad-Hoc|Any CPU.Build.0 = Release|x86
		{82225040-4EC6-48AE-98BC-8678C07E89F2}.Ad-Hoc|Any CPU.Deploy.0 = Release|x86
		{82225040-4EC6-48AE-98BC-8678C07E89F2}.Ad-Hoc|ARM.ActiveCfg = Release|ARM
		{82225040-4EC6-48AE-98BC-8678C07E89F2}.Ad-Hoc|ARM.Build.0 = Release|ARM
		{82225040-4EC6-48AE-98BC-8678C07E89F2}.Ad-Hoc|ARM.Deploy.0 = Release|ARM
		{82225040-4EC6-48AE-98BC-8678C07E89F2}.Ad-Hoc|iPhone.ActiveCfg = Release|x86
		{82225040-4EC6-48AE-98BC-8678C07E89F2}.Ad-Hoc|iPhone.Build.0 = Release|x86
		{82225040-4EC6-48AE-98BC-8678C07E89F2}.Ad-Hoc|iPhone.Deploy.0 = Release|x86
		{82225040-4EC6-48AE-98BC-8678C07E89F2}.Ad-Hoc|iPhoneSimulator.ActiveCfg = Release|x86
		{82225040-4EC6-48AE-98BC-8678C07E89F2}.Ad-Hoc|iPhoneSimulator.Build.0 = Release|x86
		{82225040-4EC6-48AE-98BC-8678C07E89F2}.Ad-Hoc|iPhoneSimulator.Deploy.0 = Release|x86
		{82225040-4EC6-48AE-98BC-8678C07E89F2}.Ad-Hoc|x64.ActiveCfg = Release|x64
		{82225040-4EC6-48AE-98BC-8678C07E89F2}.Ad-Hoc|x64.Build.0 = Release|x64
		{82225040-4EC6-48AE-98BC-8678C07E89F2}.Ad-Hoc|x64.Deploy.0 = Release|x64
		{82225040-4EC6-48AE-98BC-8678C07E89F2}.Ad-Hoc|x86.ActiveCfg = Release|x86
		{82225040-4EC6-48AE-98BC-8678C07E89F2}.Ad-Hoc|x86.Build.0 = Release|x86
		{82225040-4EC6-48AE-98BC-8678C07E89F2}.Ad-Hoc|x86.Deploy.0 = Release|x86
		{82225040-4EC6-48AE-98BC-8678C07E89F2}.AppStore|Any CPU.ActiveCfg = Release|x86
		{82225040-4EC6-48AE-98BC-8678C07E89F2}.AppStore|Any CPU.Build.0 = Release|x86
		{82225040-4EC6-48AE-98BC-8678C07E89F2}.AppStore|Any CPU.Deploy.0 = Release|x86
		{82225040-4EC6-48AE-98BC-8678C07E89F2}.AppStore|ARM.ActiveCfg = Release|ARM
		{82225040-4EC6-48AE-98BC-8678C07E89F2}.AppStore|ARM.Build.0 = Release|ARM
		{82225040-4EC6-48AE-98BC-8678C07E89F2}.AppStore|ARM.Deploy.0 = Release|ARM
		{82225040-4EC6-48AE-98BC-8678C07E89F2}.AppStore|iPhone.ActiveCfg = Release|x86
		{82225040-4EC6-48AE-98BC-8678C07E89F2}.AppStore|iPhone.Build.0 = Release|x86
		{82225040-4EC6-48AE-98BC-8678C07E89F2}.AppStore|iPhone.Deploy.0 = Release|x86
		{82225040-4EC6-48AE-98BC-8678C07E89F2}.AppStore|iPhoneSimulator.ActiveCfg = Release|x86
		{82225040-4EC6-48AE-98BC-8678C07E89F2}.AppStore|iPhoneSimulator.Build.0 = Release|x86
		{82225040-4EC6-48AE-98BC-8678C07E89F2}.AppStore|iPhoneSimulator.Deploy.0 = Release|x86
		{82225040-4EC6-48AE-98BC-8678C07E89F2}.AppStore|x64.ActiveCfg = Release|x64
		{82225040-4EC6-48AE-98BC-8678C07E89F2}.AppStore|x64.Build.0 = Release|x64
		{82225040-4EC6-48AE-98BC-8678C07E89F2}.AppStore|x64.Deploy.0 = Release|x64
		{82225040-4EC6-48AE-98BC-8678C07E89F2}.AppStore|x86.ActiveCfg = Release|x86
		{82225040-4EC6-48AE-98BC-8678C07E89F2}.AppStore|x86.Build.0 = Release|x86
		{82225040-4EC6-48AE-98BC-8678C07E89F2}.AppStore|x86.Deploy.0 = Release|x86
		{82225040-4EC6-48AE-98BC-8678C07E89F2}.Debug|Any CPU.ActiveCfg = Release|ARM
		{82225040-4EC6-48AE-98BC-8678C07E89F2}.Debug|Any CPU.Build.0 = Release|ARM
		{82225040-4EC6-48AE-98BC-8678C07E89F2}.Debug|Any CPU.Deploy.0 = Release|ARM
		{82225040-4EC6-48AE-98BC-8678C07E89F2}.Debug|ARM.ActiveCfg = Debug|ARM
		{82225040-4EC6-48AE-98BC-8678C07E89F2}.Debug|ARM.Build.0 = Debug|ARM
		{82225040-4EC6-48AE-98BC-8678C07E89F2}.Debug|ARM.Deploy.0 = Debug|ARM
		{82225040-4EC6-48AE-98BC-8678C07E89F2}.Debug|iPhone.ActiveCfg = Debug|x86
		{82225040-4EC6-48AE-98BC-8678C07E89F2}.Debug|iPhoneSimulator.ActiveCfg = Debug|x86
		{82225040-4EC6-48AE-98BC-8678C07E89F2}.Debug|x64.ActiveCfg = Debug|x64
		{82225040-4EC6-48AE-98BC-8678C07E89F2}.Debug|x64.Build.0 = Debug|x64
		{82225040-4EC6-48AE-98BC-8678C07E89F2}.Debug|x64.Deploy.0 = Debug|x64
		{82225040-4EC6-48AE-98BC-8678C07E89F2}.Debug|x86.ActiveCfg = Debug|x86
		{82225040-4EC6-48AE-98BC-8678C07E89F2}.Debug|x86.Build.0 = Debug|x86
		{82225040-4EC6-48AE-98BC-8678C07E89F2}.Debug|x86.Deploy.0 = Debug|x86
		{82225040-4EC6-48AE-98BC-8678C07E89F2}.Release|Any CPU.ActiveCfg = Release|x86
		{82225040-4EC6-48AE-98BC-8678C07E89F2}.Release|ARM.ActiveCfg = Release|ARM
		{82225040-4EC6-48AE-98BC-8678C07E89F2}.Release|ARM.Build.0 = Release|ARM
		{82225040-4EC6-48AE-98BC-8678C07E89F2}.Release|ARM.Deploy.0 = Release|ARM
		{82225040-4EC6-48AE-98BC-8678C07E89F2}.Release|iPhone.ActiveCfg = Release|x86
		{82225040-4EC6-48AE-98BC-8678C07E89F2}.Release|iPhoneSimulator.ActiveCfg = Release|x86
		{82225040-4EC6-48AE-98BC-8678C07E89F2}.Release|x64.ActiveCfg = Release|x64
		{82225040-4EC6-48AE-98BC-8678C07E89F2}.Release|x64.Build.0 = Release|x64
		{82225040-4EC6-48AE-98BC-8678C07E89F2}.Release|x64.Deploy.0 = Release|x64
		{82225040-4EC6-48AE-98BC-8678C07E89F2}.Release|x86.ActiveCfg = Release|x86
		{82225040-4EC6-48AE-98BC-8678C07E89F2}.Release|x86.Build.0 = Release|x86
		{82225040-4EC6-48AE-98BC-8678C07E89F2}.Release|x86.Deploy.0 = Release|x86
		{9A37F91C-3FB7-4419-9F74-DC99A3A426EE}.Ad-Hoc|Any CPU.ActiveCfg = Ad-Hoc|iPhone
		{9A37F91C-3FB7-4419-9F74-DC99A3A426EE}.Ad-Hoc|ARM.ActiveCfg = Ad-Hoc|iPhone
		{9A37F91C-3FB7-4419-9F74-DC99A3A426EE}.Ad-Hoc|iPhone.ActiveCfg = Ad-Hoc|iPhone
		{9A37F91C-3FB7-4419-9F74-DC99A3A426EE}.Ad-Hoc|iPhone.Build.0 = Ad-Hoc|iPhone
		{9A37F91C-3FB7-4419-9F74-DC99A3A426EE}.Ad-Hoc|iPhoneSimulator.ActiveCfg = Ad-Hoc|iPhoneSimulator
		{9A37F91C-3FB7-4419-9F74-DC99A3A426EE}.Ad-Hoc|iPhoneSimulator.Build.0 = Ad-Hoc|iPhoneSimulator
		{9A37F91C-3FB7-4419-9F74-DC99A3A426EE}.Ad-Hoc|x64.ActiveCfg = Ad-Hoc|iPhone
		{9A37F91C-3FB7-4419-9F74-DC99A3A426EE}.Ad-Hoc|x86.ActiveCfg = Ad-Hoc|iPhone
		{9A37F91C-3FB7-4419-9F74-DC99A3A426EE}.AppStore|Any CPU.ActiveCfg = AppStore|iPhone
		{9A37F91C-3FB7-4419-9F74-DC99A3A426EE}.AppStore|ARM.ActiveCfg = AppStore|iPhone
		{9A37F91C-3FB7-4419-9F74-DC99A3A426EE}.AppStore|iPhone.ActiveCfg = AppStore|iPhone
		{9A37F91C-3FB7-4419-9F74-DC99A3A426EE}.AppStore|iPhone.Build.0 = AppStore|iPhone
		{9A37F91C-3FB7-4419-9F74-DC99A3A426EE}.AppStore|iPhoneSimulator.ActiveCfg = AppStore|iPhoneSimulator
		{9A37F91C-3FB7-4419-9F74-DC99A3A426EE}.AppStore|iPhoneSimulator.Build.0 = AppStore|iPhoneSimulator
		{9A37F91C-3FB7-4419-9F74-DC99A3A426EE}.AppStore|x64.ActiveCfg = AppStore|iPhone
		{9A37F91C-3FB7-4419-9F74-DC99A3A426EE}.AppStore|x86.ActiveCfg = AppStore|iPhone
		{9A37F91C-3FB7-4419-9F74-DC99A3A426EE}.Debug|Any CPU.ActiveCfg = Release|iPhone
		{9A37F91C-3FB7-4419-9F74-DC99A3A426EE}.Debug|Any CPU.Build.0 = Release|iPhone
		{9A37F91C-3FB7-4419-9F74-DC99A3A426EE}.Debug|ARM.ActiveCfg = Debug|iPhone
		{9A37F91C-3FB7-4419-9F74-DC99A3A426EE}.Debug|iPhone.ActiveCfg = Debug|iPhone
		{9A37F91C-3FB7-4419-9F74-DC99A3A426EE}.Debug|iPhone.Build.0 = Debug|iPhone
		{9A37F91C-3FB7-4419-9F74-DC99A3A426EE}.Debug|iPhoneSimulator.ActiveCfg = Debug|iPhoneSimulator
		{9A37F91C-3FB7-4419-9F74-DC99A3A426EE}.Debug|iPhoneSimulator.Build.0 = Debug|iPhoneSimulator
		{9A37F91C-3FB7-4419-9F74-DC99A3A426EE}.Debug|x64.ActiveCfg = Debug|iPhone
		{9A37F91C-3FB7-4419-9F74-DC99A3A426EE}.Debug|x86.ActiveCfg = Debug|iPhone
		{9A37F91C-3FB7-4419-9F74-DC99A3A426EE}.Release|Any CPU.ActiveCfg = Release|iPhone
		{9A37F91C-3FB7-4419-9F74-DC99A3A426EE}.Release|ARM.ActiveCfg = Release|iPhone
		{9A37F91C-3FB7-4419-9F74-DC99A3A426EE}.Release|iPhone.ActiveCfg = Release|iPhone
		{9A37F91C-3FB7-4419-9F74-DC99A3A426EE}.Release|iPhone.Build.0 = Release|iPhone
		{9A37F91C-3FB7-4419-9F74-DC99A3A426EE}.Release|iPhoneSimulator.ActiveCfg = Release|iPhoneSimulator
		{9A37F91C-3FB7-4419-9F74-DC99A3A426EE}.Release|iPhoneSimulator.Build.0 = Release|iPhoneSimulator
		{9A37F91C-3FB7-4419-9F74-DC99A3A426EE}.Release|x64.ActiveCfg = Release|iPhone
		{9A37F91C-3FB7-4419-9F74-DC99A3A426EE}.Release|x86.ActiveCfg = Release|iPhone
	EndGlobalSection
	GlobalSection(SolutionProperties) = preSolution
		HideSolutionNode = FALSE
	EndGlobalSection
EndGlobal
